
Microsoft Visual Studio Solution File, Format Version 12.00
# Visual Studio 15
Project("{FAE04EC0-301F-11D3-BF4B-00C04F79EFBC}") = "UnityEngine.UI", "UnityEngine.UI.csproj", "{1DBF26B7-E988-4240-A150-E213DBA4553D}"
EndProject
Project("{FAE04EC0-301F-11D3-BF4B-00C04F79EFBC}") = "Unity.ProBuilder", "Unity.ProBuilder.csproj", "{8119B939-84CD-B492-930F-DCD8CD062796}"
EndProject
Project("{FAE04EC0-301F-11D3-BF4B-00C04F79EFBC}") = "UnityEngine.TestRunner", "UnityEngine.TestRunner.csproj", "{BA3C3992-C228-E6A1-16B2-735C6C32B379}"
EndProject
Project("{FAE04EC0-301F-11D3-BF4B-00C04F79EFBC}") = "Assembly-CSharp", "Assembly-CSharp.csproj", "{2269FF05-C2C3-7891-62BF-375407367146}"
EndProject
Project("{FAE04EC0-301F-11D3-BF4B-00C04F79EFBC}") = "Unity.TextMeshPro", "Unity.TextMeshPro.csproj", "{D5ED229D-3CD0-3E5A-94EF-A521DC6B49A9}"
EndProject
Project("{FAE04EC0-301F-11D3-BF4B-00C04F79EFBC}") = "Unity.Timeline", "Unity.Timeline.csproj", "{A2CAF4A2-9B84-C4F2-F339-7E79399B3D59}"
EndProject
Project("{FAE04EC0-301F-11D3-BF4B-00C04F79EFBC}") = "Assembly-CSharp-firstpass", "Assembly-CSharp-firstpass.csproj", "{F0193008-0FCE-0066-8448-1CEEA82C017A}"
EndProject
Project("{FAE04EC0-301F-11D3-BF4B-00C04F79EFBC}") = "Unity.ProBuilder.Poly2Tri", "Unity.ProBuilder.Poly2Tri.csproj", "{CEC1A9FE-787F-02A9-ED39-7065F4AF74B5}"
EndProject
Project("{FAE04EC0-301F-11D3-BF4B-00C04F79EFBC}") = "Unity.ProBuilder.KdTree", "Unity.ProBuilder.KdTree.csproj", "{F293F4A1-F2FA-8DE9-FA2F-A8C248266561}"
EndProject
Project("{FAE04EC0-301F-11D3-BF4B-00C04F79EFBC}") = "Unity.ProBuilder.Csg", "Unity.ProBuilder.Csg.csproj", "{486F470A-1343-D7EE-C576-F3F953273BDA}"
EndProject
Project("{FAE04EC0-301F-11D3-BF4B-00C04F79EFBC}") = "Unity.ProBuilder.Stl", "Unity.ProBuilder.Stl.csproj", "{971A5A2E-98E9-0A0E-819C-207B2A33EB89}"
EndProject
Project("{FAE04EC0-301F-11D3-BF4B-00C04F79EFBC}") = "Unity.ProGrids", "Unity.ProGrids.csproj", "{A32E0DBB-48CE-A4FB-A8B8-A84D505CE5A1}"
EndProject
Project("{FAE04EC0-301F-11D3-BF4B-00C04F79EFBC}") = "UnityEditor.TestRunner", "UnityEditor.TestRunner.csproj", "{8E31F2BA-1330-5135-AEB1-B7EF9BF39BD7}"
EndProject
Project("{FAE04EC0-301F-11D3-BF4B-00C04F79EFBC}") = "Unity.ProBuilder.Editor", "Unity.ProBuilder.Editor.csproj", "{E08EE828-8251-40CC-E2FE-B2EF34CD36C6}"
EndProject
Project("{FAE04EC0-301F-11D3-BF4B-00C04F79EFBC}") = "Unity.TextMeshPro.Editor", "Unity.TextMeshPro.Editor.csproj", "{6280BD33-6B22-66E0-B952-4DCA273891C2}"
EndProject
Project("{FAE04EC0-301F-11D3-BF4B-00C04F79EFBC}") = "Unity.Timeline.Editor", "Unity.Timeline.Editor.csproj", "{28218B04-4BBC-39F5-0036-1C770F81305A}"
EndProject
Project("{FAE04EC0-301F-11D3-BF4B-00C04F79EFBC}") = "Unity.Settings.Editor", "Unity.Settings.Editor.csproj", "{BA1DDB55-DB7C-E768-76B2-DF4A4F121799}"
EndProject
Project("{FAE04EC0-301F-11D3-BF4B-00C04F79EFBC}") = "Assembly-CSharp-Editor-firstpass", "Assembly-CSharp-Editor-firstpass.csproj", "{EE5E2F4D-A725-6E25-9AA9-6A7A6AFC81A0}"
EndProject
Project("{FAE04EC0-301F-11D3-BF4B-00C04F79EFBC}") = "Unity.ProGrids.Editor", "Unity.ProGrids.Editor.csproj", "{9C807C5C-CEDD-0110-2E23-1467355B66D6}"
EndProject
Project("{FAE04EC0-301F-11D3-BF4B-00C04F79EFBC}") = "UnityEditor.UI", "UnityEditor.UI.csproj", "{4192806C-F4F8-BD37-B9F6-AA2269A14C20}"
EndProject
Project("{FAE04EC0-301F-11D3-BF4B-00C04F79EFBC}") = "Unity.Rider.Editor", "Unity.Rider.Editor.csproj", "{519512F7-DA1B-39C5-F1CC-6B03FA258827}"
EndProject
Project("{FAE04EC0-301F-11D3-BF4B-00C04F79EFBC}") = "Unity.CollabProxy.Editor", "Unity.CollabProxy.Editor.csproj", "{E66C7090-09E5-A838-062D-B9A34F9DD828}"
EndProject
Project("{FAE04EC0-301F-11D3-BF4B-00C04F79EFBC}") = "Unity.ProBuilder.AssetIdRemapUtility", "Unity.ProBuilder.AssetIdRemapUtility.csproj", "{F0427441-2A28-24E0-2621-01F54BBC6834}"
EndProject
Project("{FAE04EC0-301F-11D3-BF4B-00C04F79EFBC}") = "Unity.VSCode.Editor", "Unity.VSCode.Editor.csproj", "{5F61A6BD-5F5A-FA59-23F5-FCC5DF912757}"
EndProject
Project("{FAE04EC0-301F-11D3-BF4B-00C04F79EFBC}") = "Unity.ProBuilder.AddOns.Editor", "Unity.ProBuilder.AddOns.Editor.csproj", "{EB8E5409-600B-EC18-22E2-44B19A70861F}"
EndProject
Global
	GlobalSection(SolutionConfigurationPlatforms) = preSolution
		Debug|Any CPU = Debug|Any CPU
		Release|Any CPU = Release|Any CPU
	EndGlobalSection
	GlobalSection(ProjectConfigurationPlatforms) = postSolution
		{1DBF26B7-E988-4240-A150-E213DBA4553D}.Debug|Any CPU.ActiveCfg = Debug|Any CPU
		{1DBF26B7-E988-4240-A150-E213DBA4553D}.Debug|Any CPU.Build.0 = Debug|Any CPU
		{1DBF26B7-E988-4240-A150-E213DBA4553D}.Release|Any CPU.ActiveCfg = Release|Any CPU
		{1DBF26B7-E988-4240-A150-E213DBA4553D}.Release|Any CPU.Build.0 = Release|Any CPU
		{8119B939-84CD-B492-930F-DCD8CD062796}.Debug|Any CPU.ActiveCfg = Debug|Any CPU
		{8119B939-84CD-B492-930F-DCD8CD062796}.Debug|Any CPU.Build.0 = Debug|Any CPU
		{8119B939-84CD-B492-930F-DCD8CD062796}.Release|Any CPU.ActiveCfg = Release|Any CPU
		{8119B939-84CD-B492-930F-DCD8CD062796}.Release|Any CPU.Build.0 = Release|Any CPU
		{BA3C3992-C228-E6A1-16B2-735C6C32B379}.Debug|Any CPU.ActiveCfg = Debug|Any CPU
		{BA3C3992-C228-E6A1-16B2-735C6C32B379}.Debug|Any CPU.Build.0 = Debug|Any CPU
		{BA3C3992-C228-E6A1-16B2-735C6C32B379}.Release|Any CPU.ActiveCfg = Release|Any CPU
		{BA3C3992-C228-E6A1-16B2-735C6C32B379}.Release|Any CPU.Build.0 = Release|Any CPU
		{2269FF05-C2C3-7891-62BF-375407367146}.Debug|Any CPU.ActiveCfg = Debug|Any CPU
		{2269FF05-C2C3-7891-62BF-375407367146}.Debug|Any CPU.Build.0 = Debug|Any CPU
		{2269FF05-C2C3-7891-62BF-375407367146}.Release|Any CPU.ActiveCfg = Release|Any CPU
		{2269FF05-C2C3-7891-62BF-375407367146}.Release|Any CPU.Build.0 = Release|Any CPU
		{D5ED229D-3CD0-3E5A-94EF-A521DC6B49A9}.Debug|Any CPU.ActiveCfg = Debug|Any CPU
		{D5ED229D-3CD0-3E5A-94EF-A521DC6B49A9}.Debug|Any CPU.Build.0 = Debug|Any CPU
		{D5ED229D-3CD0-3E5A-94EF-A521DC6B49A9}.Release|Any CPU.ActiveCfg = Release|Any CPU
		{D5ED229D-3CD0-3E5A-94EF-A521DC6B49A9}.Release|Any CPU.Build.0 = Release|Any CPU
		{A2CAF4A2-9B84-C4F2-F339-7E79399B3D59}.Debug|Any CPU.ActiveCfg = Debug|Any CPU
		{A2CAF4A2-9B84-C4F2-F339-7E79399B3D59}.Debug|Any CPU.Build.0 = Debug|Any CPU
		{A2CAF4A2-9B84-C4F2-F339-7E79399B3D59}.Release|Any CPU.ActiveCfg = Release|Any CPU
		{A2CAF4A2-9B84-C4F2-F339-7E79399B3D59}.Release|Any CPU.Build.0 = Release|Any CPU
		{F0193008-0FCE-0066-8448-1CEEA82C017A}.Debug|Any CPU.ActiveCfg = Debug|Any CPU
		{F0193008-0FCE-0066-8448-1CEEA82C017A}.Debug|Any CPU.Build.0 = Debug|Any CPU
		{F0193008-0FCE-0066-8448-1CEEA82C017A}.Release|Any CPU.ActiveCfg = Release|Any CPU
		{F0193008-0FCE-0066-8448-1CEEA82C017A}.Release|Any CPU.Build.0 = Release|Any CPU
		{CEC1A9FE-787F-02A9-ED39-7065F4AF74B5}.Debug|Any CPU.ActiveCfg = Debug|Any CPU
		{CEC1A9FE-787F-02A9-ED39-7065F4AF74B5}.Debug|Any CPU.Build.0 = Debug|Any CPU
		{CEC1A9FE-787F-02A9-ED39-7065F4AF74B5}.Release|Any CPU.ActiveCfg = Release|Any CPU
		{CEC1A9FE-787F-02A9-ED39-7065F4AF74B5}.Release|Any CPU.Build.0 = Release|Any CPU
		{F293F4A1-F2FA-8DE9-FA2F-A8C248266561}.Debug|Any CPU.ActiveCfg = Debug|Any CPU
		{F293F4A1-F2FA-8DE9-FA2F-A8C248266561}.Debug|Any CPU.Build.0 = Debug|Any CPU
		{F293F4A1-F2FA-8DE9-FA2F-A8C248266561}.Release|Any CPU.ActiveCfg = Release|Any CPU
		{F293F4A1-F2FA-8DE9-FA2F-A8C248266561}.Release|Any CPU.Build.0 = Release|Any CPU
		{486F470A-1343-D7EE-C576-F3F953273BDA}.Debug|Any CPU.ActiveCfg = Debug|Any CPU
		{486F470A-1343-D7EE-C576-F3F953273BDA}.Debug|Any CPU.Build.0 = Debug|Any CPU
		{486F470A-1343-D7EE-C576-F3F953273BDA}.Release|Any CPU.ActiveCfg = Release|Any CPU
		{486F470A-1343-D7EE-C576-F3F953273BDA}.Release|Any CPU.Build.0 = Release|Any CPU
		{971A5A2E-98E9-0A0E-819C-207B2A33EB89}.Debug|Any CPU.ActiveCfg = Debug|Any CPU
		{971A5A2E-98E9-0A0E-819C-207B2A33EB89}.Debug|Any CPU.Build.0 = Debug|Any CPU
		{971A5A2E-98E9-0A0E-819C-207B2A33EB89}.Release|Any CPU.ActiveCfg = Release|Any CPU
		{971A5A2E-98E9-0A0E-819C-207B2A33EB89}.Release|Any CPU.Build.0 = Release|Any CPU
		{A32E0DBB-48CE-A4FB-A8B8-A84D505CE5A1}.Debug|Any CPU.ActiveCfg = Debug|Any CPU
		{A32E0DBB-48CE-A4FB-A8B8-A84D505CE5A1}.Debug|Any CPU.Build.0 = Debug|Any CPU
		{A32E0DBB-48CE-A4FB-A8B8-A84D505CE5A1}.Release|Any CPU.ActiveCfg = Release|Any CPU
		{A32E0DBB-48CE-A4FB-A8B8-A84D505CE5A1}.Release|Any CPU.Build.0 = Release|Any CPU
		{8E31F2BA-1330-5135-AEB1-B7EF9BF39BD7}.Debug|Any CPU.ActiveCfg = Debug|Any CPU
		{8E31F2BA-1330-5135-AEB1-B7EF9BF39BD7}.Debug|Any CPU.Build.0 = Debug|Any CPU
		{8E31F2BA-1330-5135-AEB1-B7EF9BF39BD7}.Release|Any CPU.ActiveCfg = Release|Any CPU
		{8E31F2BA-1330-5135-AEB1-B7EF9BF39BD7}.Release|Any CPU.Build.0 = Release|Any CPU
		{E08EE828-8251-40CC-E2FE-B2EF34CD36C6}.Debug|Any CPU.ActiveCfg = Debug|Any CPU
		{E08EE828-8251-40CC-E2FE-B2EF34CD36C6}.Debug|Any CPU.Build.0 = Debug|Any CPU
		{E08EE828-8251-40CC-E2FE-B2EF34CD36C6}.Release|Any CPU.ActiveCfg = Release|Any CPU
		{E08EE828-8251-40CC-E2FE-B2EF34CD36C6}.Release|Any CPU.Build.0 = Release|Any CPU
		{6280BD33-6B22-66E0-B952-4DCA273891C2}.Debug|Any CPU.ActiveCfg = Debug|Any CPU
		{6280BD33-6B22-66E0-B952-4DCA273891C2}.Debug|Any CPU.Build.0 = Debug|Any CPU
		{6280BD33-6B22-66E0-B952-4DCA273891C2}.Release|Any CPU.ActiveCfg = Release|Any CPU
		{6280BD33-6B22-66E0-B952-4DCA273891C2}.Release|Any CPU.Build.0 = Release|Any CPU
		{28218B04-4BBC-39F5-0036-1C770F81305A}.Debug|Any CPU.ActiveCfg = Debug|Any CPU
		{28218B04-4BBC-39F5-0036-1C770F81305A}.Debug|Any CPU.Build.0 = Debug|Any CPU
		{28218B04-4BBC-39F5-0036-1C770F81305A}.Release|Any CPU.ActiveCfg = Release|Any CPU
		{28218B04-4BBC-39F5-0036-1C770F81305A}.Release|Any CPU.Build.0 = Release|Any CPU
		{BA1DDB55-DB7C-E768-76B2-DF4A4F121799}.Debug|Any CPU.ActiveCfg = Debug|Any CPU
		{BA1DDB55-DB7C-E768-76B2-DF4A4F121799}.Debug|Any CPU.Build.0 = Debug|Any CPU
		{BA1DDB55-DB7C-E768-76B2-DF4A4F121799}.Release|Any CPU.ActiveCfg = Release|Any CPU
		{BA1DDB55-DB7C-E768-76B2-DF4A4F121799}.Release|Any CPU.Build.0 = Release|Any CPU
		{EE5E2F4D-A725-6E25-9AA9-6A7A6AFC81A0}.Debug|Any CPU.ActiveCfg = Debug|Any CPU
		{EE5E2F4D-A725-6E25-9AA9-6A7A6AFC81A0}.Debug|Any CPU.Build.0 = Debug|Any CPU
		{EE5E2F4D-A725-6E25-9AA9-6A7A6AFC81A0}.Release|Any CPU.ActiveCfg = Release|Any CPU
		{EE5E2F4D-A725-6E25-9AA9-6A7A6AFC81A0}.Release|Any CPU.Build.0 = Release|Any CPU
		{9C807C5C-CEDD-0110-2E23-1467355B66D6}.Debug|Any CPU.ActiveCfg = Debug|Any CPU
		{9C807C5C-CEDD-0110-2E23-1467355B66D6}.Debug|Any CPU.Build.0 = Debug|Any CPU
		{9C807C5C-CEDD-0110-2E23-1467355B66D6}.Release|Any CPU.ActiveCfg = Release|Any CPU
		{9C807C5C-CEDD-0110-2E23-1467355B66D6}.Release|Any CPU.Build.0 = Release|Any CPU
		{4192806C-F4F8-BD37-B9F6-AA2269A14C20}.Debug|Any CPU.ActiveCfg = Debug|Any CPU
		{4192806C-F4F8-BD37-B9F6-AA2269A14C20}.Debug|Any CPU.Build.0 = Debug|Any CPU
		{4192806C-F4F8-BD37-B9F6-AA2269A14C20}.Release|Any CPU.ActiveCfg = Release|Any CPU
		{4192806C-F4F8-BD37-B9F6-AA2269A14C20}.Release|Any CPU.Build.0 = Release|Any CPU
		{519512F7-DA1B-39C5-F1CC-6B03FA258827}.Debug|Any CPU.ActiveCfg = Debug|Any CPU
		{519512F7-DA1B-39C5-F1CC-6B03FA258827}.Debug|Any CPU.Build.0 = Debug|Any CPU
		{519512F7-DA1B-39C5-F1CC-6B03FA258827}.Release|Any CPU.ActiveCfg = Release|Any CPU
		{519512F7-DA1B-39C5-F1CC-6B03FA258827}.Release|Any CPU.Build.0 = Release|Any CPU
		{E66C7090-09E5-A838-062D-B9A34F9DD828}.Debug|Any CPU.ActiveCfg = Debug|Any CPU
		{E66C7090-09E5-A838-062D-B9A34F9DD828}.Debug|Any CPU.Build.0 = Debug|Any CPU
		{E66C7090-09E5-A838-062D-B9A34F9DD828}.Release|Any CPU.ActiveCfg = Release|Any CPU
		{E66C7090-09E5-A838-062D-B9A34F9DD828}.Release|Any CPU.Build.0 = Release|Any CPU
		{F0427441-2A28-24E0-2621-01F54BBC6834}.Debug|Any CPU.ActiveCfg = Debug|Any CPU
		{F0427441-2A28-24E0-2621-01F54BBC6834}.Debug|Any CPU.Build.0 = Debug|Any CPU
		{F0427441-2A28-24E0-2621-01F54BBC6834}.Release|Any CPU.ActiveCfg = Release|Any CPU
		{F0427441-2A28-24E0-2621-01F54BBC6834}.Release|Any CPU.Build.0 = Release|Any CPU
		{5F61A6BD-5F5A-FA59-23F5-FCC5DF912757}.Debug|Any CPU.ActiveCfg = Debug|Any CPU
		{5F61A6BD-5F5A-FA59-23F5-FCC5DF912757}.Debug|Any CPU.Build.0 = Debug|Any CPU
		{5F61A6BD-5F5A-FA59-23F5-FCC5DF912757}.Release|Any CPU.ActiveCfg = Release|Any CPU
		{5F61A6BD-5F5A-FA59-23F5-FCC5DF912757}.Release|Any CPU.Build.0 = Release|Any CPU
		{EB8E5409-600B-EC18-22E2-44B19A70861F}.Debug|Any CPU.ActiveCfg = Debug|Any CPU
		{EB8E5409-600B-EC18-22E2-44B19A70861F}.Debug|Any CPU.Build.0 = Debug|Any CPU
		{EB8E5409-600B-EC18-22E2-44B19A70861F}.Release|Any CPU.ActiveCfg = Release|Any CPU
		{EB8E5409-600B-EC18-22E2-44B19A70861F}.Release|Any CPU.Build.0 = Release|Any CPU
	EndGlobalSection
	GlobalSection(SolutionProperties) = preSolution
		HideSolutionNode = FALSE
	EndGlobalSection
EndGlobal
